// !$*UTF8*$!
{
	archiveVersion = 1;
	classes = {
	};
	objectVersion = 46;
	objects = {

/* Begin PBXBuildFile section */
		CC1D7F791973CAAC00B4A499 /* Foundation.framework in Frameworks */ = {isa = PBXBuildFile; fileRef = CC1D7F781973CAAC00B4A499 /* Foundation.framework */; };
		CC1D7F7B1973CAAC00B4A499 /* CoreGraphics.framework in Frameworks */ = {isa = PBXBuildFile; fileRef = CC1D7F7A1973CAAC00B4A499 /* CoreGraphics.framework */; };
		CC1D7F7D1973CAAC00B4A499 /* UIKit.framework in Frameworks */ = {isa = PBXBuildFile; fileRef = CC1D7F7C1973CAAC00B4A499 /* UIKit.framework */; };
		CC1D7F831973CAAC00B4A499 /* InfoPlist.strings in Resources */ = {isa = PBXBuildFile; fileRef = CC1D7F811973CAAC00B4A499 /* InfoPlist.strings */; };
		CC1D7F851973CAAC00B4A499 /* main.m in Sources */ = {isa = PBXBuildFile; fileRef = CC1D7F841973CAAC00B4A499 /* main.m */; };
		CC1D7F891973CAAC00B4A499 /* QYAppDelegate.m in Sources */ = {isa = PBXBuildFile; fileRef = CC1D7F881973CAAC00B4A499 /* QYAppDelegate.m */; };
		CC1D7F8C1973CAAC00B4A499 /* Main.storyboard in Resources */ = {isa = PBXBuildFile; fileRef = CC1D7F8A1973CAAC00B4A499 /* Main.storyboard */; };
		CC1D7F8F1973CAAC00B4A499 /* QYViewController.m in Sources */ = {isa = PBXBuildFile; fileRef = CC1D7F8E1973CAAC00B4A499 /* QYViewController.m */; };
		CC1D7F911973CAAC00B4A499 /* Images.xcassets in Resources */ = {isa = PBXBuildFile; fileRef = CC1D7F901973CAAC00B4A499 /* Images.xcassets */; };
		CC1D7F981973CAAC00B4A499 /* XCTest.framework in Frameworks */ = {isa = PBXBuildFile; fileRef = CC1D7F971973CAAC00B4A499 /* XCTest.framework */; };
		CC1D7F991973CAAC00B4A499 /* Foundation.framework in Frameworks */ = {isa = PBXBuildFile; fileRef = CC1D7F781973CAAC00B4A499 /* Foundation.framework */; };
		CC1D7F9A1973CAAC00B4A499 /* UIKit.framework in Frameworks */ = {isa = PBXBuildFile; fileRef = CC1D7F7C1973CAAC00B4A499 /* UIKit.framework */; };
		CC1D7FA21973CAAC00B4A499 /* InfoPlist.strings in Resources */ = {isa = PBXBuildFile; fileRef = CC1D7FA01973CAAC00B4A499 /* InfoPlist.strings */; };
		CC1D7FA41973CAAC00B4A499 /* DomXMLDemoTests.m in Sources */ = {isa = PBXBuildFile; fileRef = CC1D7FA31973CAAC00B4A499 /* DomXMLDemoTests.m */; };
		CC1D7FAE1973CF2B00B4A499 /* bookstore.xml in Resources */ = {isa = PBXBuildFile; fileRef = CC1D7FAD1973CF2B00B4A499 /* bookstore.xml */; };
		CC1D7FB11973CFF500B4A499 /* QYBook.m in Sources */ = {isa = PBXBuildFile; fileRef = CC1D7FB01973CFF500B4A499 /* QYBook.m */; };
		CC1D7FB51973D41600B4A499 /* GDataXMLNode.m in Sources */ = {isa = PBXBuildFile; fileRef = CC1D7FB41973D41600B4A499 /* GDataXMLNode.m */; };
/* End PBXBuildFile section */

/* Begin PBXContainerItemProxy section */
		CC1D7F9B1973CAAC00B4A499 /* PBXContainerItemProxy */ = {
			isa = PBXContainerItemProxy;
			containerPortal = CC1D7F6D1973CAAC00B4A499 /* Project object */;
			proxyType = 1;
			remoteGlobalIDString = CC1D7F741973CAAC00B4A499;
			remoteInfo = DomXMLDemo;
		};
/* End PBXContainerItemProxy section */

/* Begin PBXFileReference section */
		CC1D7F751973CAAC00B4A499 /* DomXMLDemo.app */ = {isa = PBXFileReference; explicitFileType = wrapper.application; includeInIndex = 0; path = DomXMLDemo.app; sourceTree = BUILT_PRODUCTS_DIR; };
		CC1D7F781973CAAC00B4A499 /* Foundation.framework */ = {isa = PBXFileReference; lastKnownFileType = wrapper.framework; name = Foundation.framework; path = System/Library/Frameworks/Foundation.framework; sourceTree = SDKROOT; };
		CC1D7F7A1973CAAC00B4A499 /* CoreGraphics.framework */ = {isa = PBXFileReference; lastKnownFileType = wrapper.framework; name = CoreGraphics.framework; path = System/Library/Frameworks/CoreGraphics.framework; sourceTree = SDKROOT; };
		CC1D7F7C1973CAAC00B4A499 /* UIKit.framework */ = {isa = PBXFileReference; lastKnownFileType = wrapper.framework; name = UIKit.framework; path = System/Library/Frameworks/UIKit.framework; sourceTree = SDKROOT; };
		CC1D7F801973CAAC00B4A499 /* DomXMLDemo-Info.plist */ = {isa = PBXFileReference; lastKnownFileType = text.plist.xml; path = "DomXMLDemo-Info.plist"; sourceTree = "<group>"; };
		CC1D7F821973CAAC00B4A499 /* en */ = {isa = PBXFileReference; lastKnownFileType = text.plist.strings; name = en; path = en.lproj/InfoPlist.strings; sourceTree = "<group>"; };
		CC1D7F841973CAAC00B4A499 /* main.m */ = {isa = PBXFileReference; lastKnownFileType = sourcecode.c.objc; path = main.m; sourceTree = "<group>"; };
		CC1D7F861973CAAC00B4A499 /* DomXMLDemo-Prefix.pch */ = {isa = PBXFileReference; lastKnownFileType = sourcecode.c.h; path = "DomXMLDemo-Prefix.pch"; sourceTree = "<group>"; };
		CC1D7F871973CAAC00B4A499 /* QYAppDelegate.h */ = {isa = PBXFileReference; lastKnownFileType = sourcecode.c.h; path = QYAppDelegate.h; sourceTree = "<group>"; };
		CC1D7F881973CAAC00B4A499 /* QYAppDelegate.m */ = {isa = PBXFileReference; lastKnownFileType = sourcecode.c.objc; path = QYAppDelegate.m; sourceTree = "<group>"; };
		CC1D7F8B1973CAAC00B4A499 /* Base */ = {isa = PBXFileReference; lastKnownFileType = file.storyboard; name = Base; path = Base.lproj/Main.storyboard; sourceTree = "<group>"; };
		CC1D7F8D1973CAAC00B4A499 /* QYViewController.h */ = {isa = PBXFileReference; lastKnownFileType = sourcecode.c.h; path = QYViewController.h; sourceTree = "<group>"; };
		CC1D7F8E1973CAAC00B4A499 /* QYViewController.m */ = {isa = PBXFileReference; lastKnownFileType = sourcecode.c.objc; path = QYViewController.m; sourceTree = "<group>"; };
		CC1D7F901973CAAC00B4A499 /* Images.xcassets */ = {isa = PBXFileReference; lastKnownFileType = folder.assetcatalog; path = Images.xcassets; sourceTree = "<group>"; };
		CC1D7F961973CAAC00B4A499 /* DomXMLDemoTests.xctest */ = {isa = PBXFileReference; explicitFileType = wrapper.cfbundle; includeInIndex = 0; path = DomXMLDemoTests.xctest; sourceTree = BUILT_PRODUCTS_DIR; };
		CC1D7F971973CAAC00B4A499 /* XCTest.framework */ = {isa = PBXFileReference; lastKnownFileType = wrapper.framework; name = XCTest.framework; path = Library/Frameworks/XCTest.framework; sourceTree = DEVELOPER_DIR; };
		CC1D7F9F1973CAAC00B4A499 /* DomXMLDemoTests-Info.plist */ = {isa = PBXFileReference; lastKnownFileType = text.plist.xml; path = "DomXMLDemoTests-Info.plist"; sourceTree = "<group>"; };
		CC1D7FA11973CAAC00B4A499 /* en */ = {isa = PBXFileReference; lastKnownFileType = text.plist.strings; name = en; path = en.lproj/InfoPlist.strings; sourceTree = "<group>"; };
		CC1D7FA31973CAAC00B4A499 /* DomXMLDemoTests.m */ = {isa = PBXFileReference; lastKnownFileType = sourcecode.c.objc; path = DomXMLDemoTests.m; sourceTree = "<group>"; };
		CC1D7FAD1973CF2B00B4A499 /* bookstore.xml */ = {isa = PBXFileReference; fileEncoding = 4; lastKnownFileType = text.xml; path = bookstore.xml; sourceTree = "<group>"; };
		CC1D7FAF1973CFF500B4A499 /* QYBook.h */ = {isa = PBXFileReference; fileEncoding = 4; lastKnownFileType = sourcecode.c.h; path = QYBook.h; sourceTree = "<group>"; };
		CC1D7FB01973CFF500B4A499 /* QYBook.m */ = {isa = PBXFileReference; fileEncoding = 4; lastKnownFileType = sourcecode.c.objc; path = QYBook.m; sourceTree = "<group>"; };
		CC1D7FB31973D41600B4A499 /* GDataXMLNode.h */ = {isa = PBXFileReference; fileEncoding = 4; lastKnownFileType = sourcecode.c.h; path = GDataXMLNode.h; sourceTree = "<group>"; };
		CC1D7FB41973D41600B4A499 /* GDataXMLNode.m */ = {isa = PBXFileReference; fileEncoding = 4; lastKnownFileType = sourcecode.c.objc; path = GDataXMLNode.m; sourceTree = "<group>"; };
/* End PBXFileReference section */

/* Begin PBXFrameworksBuildPhase section */
		CC1D7F721973CAAC00B4A499 /* Frameworks */ = {
			isa = PBXFrameworksBuildPhase;
			buildActionMask = 2147483647;
			files = (
				CC1D7F7B1973CAAC00B4A499 /* CoreGraphics.framework in Frameworks */,
				CC1D7F7D1973CAAC00B4A499 /* UIKit.framework in Frameworks */,
				CC1D7F791973CAAC00B4A499 /* Foundation.framework in Frameworks */,
			);
			runOnlyForDeploymentPostprocessing = 0;
		};
		CC1D7F931973CAAC00B4A499 /* Frameworks */ = {
			isa = PBXFrameworksBuildPhase;
			buildActionMask = 2147483647;
			files = (
				CC1D7F981973CAAC00B4A499 /* XCTest.framework in Frameworks */,
				CC1D7F9A1973CAAC00B4A499 /* UIKit.framework in Frameworks */,
				CC1D7F991973CAAC00B4A499 /* Foundation.framework in Frameworks */,
			);
			runOnlyForDeploymentPostprocessing = 0;
		};
/* End PBXFrameworksBuildPhase section */

/* Begin PBXGroup section */
		CC1D7F6C1973CAAC00B4A499 = {
			isa = PBXGroup;
			children = (
				CC1D7F7E1973CAAC00B4A499 /* DomXMLDemo */,
				CC1D7F9D1973CAAC00B4A499 /* DomXMLDemoTests */,
				CC1D7F771973CAAC00B4A499 /* Frameworks */,
				CC1D7F761973CAAC00B4A499 /* Products */,
			);
			sourceTree = "<group>";
		};
		CC1D7F761973CAAC00B4A499 /* Products */ = {
			isa = PBXGroup;
			children = (
				CC1D7F751973CAAC00B4A499 /* DomXMLDemo.app */,
				CC1D7F961973CAAC00B4A499 /* DomXMLDemoTests.xctest */,
			);
			name = Products;
			sourceTree = "<group>";
		};
		CC1D7F771973CAAC00B4A499 /* Frameworks */ = {
			isa = PBXGroup;
			children = (
				CC1D7F781973CAAC00B4A499 /* Foundation.framework */,
				CC1D7F7A1973CAAC00B4A499 /* CoreGraphics.framework */,
				CC1D7F7C1973CAAC00B4A499 /* UIKit.framework */,
				CC1D7F971973CAAC00B4A499 /* XCTest.framework */,
			);
			name = Frameworks;
			sourceTree = "<group>";
		};
		CC1D7F7E1973CAAC00B4A499 /* DomXMLDemo */ = {
			isa = PBXGroup;
			children = (
				CC1D7FB21973D41600B4A499 /* XMLSupport */,
				CC1D7F871973CAAC00B4A499 /* QYAppDelegate.h */,
				CC1D7F881973CAAC00B4A499 /* QYAppDelegate.m */,
				CC1D7F8A1973CAAC00B4A499 /* Main.storyboard */,
				CC1D7F8D1973CAAC00B4A499 /* QYViewController.h */,
				CC1D7F8E1973CAAC00B4A499 /* QYViewController.m */,
				CC1D7FAF1973CFF500B4A499 /* QYBook.h */,
				CC1D7FB01973CFF500B4A499 /* QYBook.m */,
				CC1D7F901973CAAC00B4A499 /* Images.xcassets */,
				CC1D7F7F1973CAAC00B4A499 /* Supporting Files */,
			);
			path = DomXMLDemo;
			sourceTree = "<group>";
		};
		CC1D7F7F1973CAAC00B4A499 /* Supporting Files */ = {
			isa = PBXGroup;
			children = (
				CC1D7FAD1973CF2B00B4A499 /* bookstore.xml */,
				CC1D7F801973CAAC00B4A499 /* DomXMLDemo-Info.plist */,
				CC1D7F811973CAAC00B4A499 /* InfoPlist.strings */,
				CC1D7F841973CAAC00B4A499 /* main.m */,
				CC1D7F861973CAAC00B4A499 /* DomXMLDemo-Prefix.pch */,
			);
			name = "Supporting Files";
			sourceTree = "<group>";
		};
		CC1D7F9D1973CAAC00B4A499 /* DomXMLDemoTests */ = {
			isa = PBXGroup;
			children = (
				CC1D7FA31973CAAC00B4A499 /* DomXMLDemoTests.m */,
				CC1D7F9E1973CAAC00B4A499 /* Supporting Files */,
			);
			path = DomXMLDemoTests;
			sourceTree = "<group>";
		};
		CC1D7F9E1973CAAC00B4A499 /* Supporting Files */ = {
			isa = PBXGroup;
			children = (
				CC1D7F9F1973CAAC00B4A499 /* DomXMLDemoTests-Info.plist */,
				CC1D7FA01973CAAC00B4A499 /* InfoPlist.strings */,
			);
			name = "Supporting Files";
			sourceTree = "<group>";
		};
		CC1D7FB21973D41600B4A499 /* XMLSupport */ = {
			isa = PBXGroup;
			children = (
				CC1D7FB31973D41600B4A499 /* GDataXMLNode.h */,
				CC1D7FB41973D41600B4A499 /* GDataXMLNode.m */,
			);
			path = XMLSupport;
			sourceTree = "<group>";
		};
/* End PBXGroup section */

/* Begin PBXNativeTarget section */
		CC1D7F741973CAAC00B4A499 /* DomXMLDemo */ = {
			isa = PBXNativeTarget;
			buildConfigurationList = CC1D7FA71973CAAC00B4A499 /* Build configuration list for PBXNativeTarget "DomXMLDemo" */;
			buildPhases = (
				CC1D7F711973CAAC00B4A499 /* Sources */,
				CC1D7F721973CAAC00B4A499 /* Frameworks */,
				CC1D7F731973CAAC00B4A499 /* Resources */,
			);
			buildRules = (
			);
			dependencies = (
			);
			name = DomXMLDemo;
			productName = DomXMLDemo;
			productReference = CC1D7F751973CAAC00B4A499 /* DomXMLDemo.app */;
			productType = "com.apple.product-type.application";
		};
		CC1D7F951973CAAC00B4A499 /* DomXMLDemoTests */ = {
			isa = PBXNativeTarget;
			buildConfigurationList = CC1D7FAA1973CAAC00B4A499 /* Build configuration list for PBXNativeTarget "DomXMLDemoTests" */;
			buildPhases = (
				CC1D7F921973CAAC00B4A499 /* Sources */,
				CC1D7F931973CAAC00B4A499 /* Frameworks */,
				CC1D7F941973CAAC00B4A499 /* Resources */,
			);
			buildRules = (
			);
			dependencies = (
				CC1D7F9C1973CAAC00B4A499 /* PBXTargetDependency */,
			);
			name = DomXMLDemoTests;
			productName = DomXMLDemoTests;
			productReference = CC1D7F961973CAAC00B4A499 /* DomXMLDemoTests.xctest */;
			productType = "com.apple.product-type.bundle.unit-test";
		};
/* End PBXNativeTarget section */

/* Begin PBXProject section */
		CC1D7F6D1973CAAC00B4A499 /* Project object */ = {
			isa = PBXProject;
			attributes = {
				CLASSPREFIX = QY;
				LastUpgradeCheck = 0510;
				ORGANIZATIONNAME = qingyun;
				TargetAttributes = {
					CC1D7F951973CAAC00B4A499 = {
						TestTargetID = CC1D7F741973CAAC00B4A499;
					};
				};
			};
			buildConfigurationList = CC1D7F701973CAAC00B4A499 /* Build configuration list for PBXProject "DomXMLDemo" */;
			compatibilityVersion = "Xcode 3.2";
			developmentRegion = English;
			hasScannedForEncodings = 0;
			knownRegions = (
				en,
				Base,
			);
			mainGroup = CC1D7F6C1973CAAC00B4A499;
			productRefGroup = CC1D7F761973CAAC00B4A499 /* Products */;
			projectDirPath = "";
			projectRoot = "";
			targets = (
				CC1D7F741973CAAC00B4A499 /* DomXMLDemo */,
				CC1D7F951973CAAC00B4A499 /* DomXMLDemoTests */,
			);
		};
/* End PBXProject section */

/* Begin PBXResourcesBuildPhase section */
		CC1D7F731973CAAC00B4A499 /* Resources */ = {
			isa = PBXResourcesBuildPhase;
			buildActionMask = 2147483647;
			files = (
				CC1D7FAE1973CF2B00B4A499 /* bookstore.xml in Resources */,
				CC1D7F911973CAAC00B4A499 /* Images.xcassets in Resources */,
				CC1D7F831973CAAC00B4A499 /* InfoPlist.strings in Resources */,
				CC1D7F8C1973CAAC00B4A499 /* Main.storyboard in Resources */,
			);
			runOnlyForDeploymentPostprocessing = 0;
		};
		CC1D7F941973CAAC00B4A499 /* Resources */ = {
			isa = PBXResourcesBuildPhase;
			buildActionMask = 2147483647;
			files = (
				CC1D7FA21973CAAC00B4A499 /* InfoPlist.strings in Resources */,
			);
			runOnlyForDeploymentPostprocessing = 0;
		};
/* End PBXResourcesBuildPhase section */

/* Begin PBXSourcesBuildPhase section */
		CC1D7F711973CAAC00B4A499 /* Sources */ = {
			isa = PBXSourcesBuildPhase;
			buildActionMask = 2147483647;
			files = (
				CC1D7FB11973CFF500B4A499 /* QYBook.m in Sources */,
				CC1D7F891973CAAC00B4A499 /* QYAppDelegate.m in Sources */,
				CC1D7FB51973D41600B4A499 /* GDataXMLNode.m in Sources */,
				CC1D7F851973CAAC00B4A499 /* main.m in Sources */,
				CC1D7F8F1973CAAC00B4A499 /* QYViewController.m in Sources */,
			);
			runOnlyForDeploymentPostprocessing = 0;
		};
		CC1D7F921973CAAC00B4A499 /* Sources */ = {
			isa = PBXSourcesBuildPhase;
			buildActionMask = 2147483647;
			files = (
				CC1D7FA41973CAAC00B4A499 /* DomXMLDemoTests.m in Sources */,
			);
			runOnlyForDeploymentPostprocessing = 0;
		};
/* End PBXSourcesBuildPhase section */

/* Begin PBXTargetDependency section */
		CC1D7F9C1973CAAC00B4A499 /* PBXTargetDependency */ = {
			isa = PBXTargetDependency;
			target = CC1D7F741973CAAC00B4A499 /* DomXMLDemo */;
			targetProxy = CC1D7F9B1973CAAC00B4A499 /* PBXContainerItemProxy */;
		};
/* End PBXTargetDependency section */

/* Begin PBXVariantGroup section */
		CC1D7F811973CAAC00B4A499 /* InfoPlist.strings */ = {
			isa = PBXVariantGroup;
			children = (
				CC1D7F821973CAAC00B4A499 /* en */,
			);
			name = InfoPlist.strings;
			sourceTree = "<group>";
		};
		CC1D7F8A1973CAAC00B4A499 /* Main.storyboard */ = {
			isa = PBXVariantGroup;
			children = (
				CC1D7F8B1973CAAC00B4A499 /* Base */,
			);
			name = Main.storyboard;
			sourceTree = "<group>";
		};
		CC1D7FA01973CAAC00B4A499 /* InfoPlist.strings */ = {
			isa = PBXVariantGroup;
			children = (
				CC1D7FA11973CAAC00B4A499 /* en */,
			);
			name = InfoPlist.strings;
			sourceTree = "<group>";
		};
/* End PBXVariantGroup section */

/* Begin XCBuildConfiguration section */
		CC1D7FA51973CAAC00B4A499 /* Debug */ = {
			isa = XCBuildConfiguration;
			buildSettings = {
				ALWAYS_SEARCH_USER_PATHS = NO;
				CLANG_CXX_LANGUAGE_STANDARD = "gnu++0x";
				CLANG_CXX_LIBRARY = "libc++";
				CLANG_ENABLE_MODULES = YES;
				CLANG_ENABLE_OBJC_ARC = YES;
				CLANG_WARN_BOOL_CONVERSION = YES;
				CLANG_WARN_CONSTANT_CONVERSION = YES;
				CLANG_WARN_DIRECT_OBJC_ISA_USAGE = YES_ERROR;
				CLANG_WARN_EMPTY_BODY = YES;
				CLANG_WARN_ENUM_CONVERSION = YES;
				CLANG_WARN_INT_CONVERSION = YES;
				CLANG_WARN_OBJC_ROOT_CLASS = YES_ERROR;
				CLANG_WARN__DUPLICATE_METHOD_MATCH = YES;
				"CODE_SIGN_IDENTITY[sdk=iphoneos*]" = "iPhone Developer";
				COPY_PHASE_STRIP = NO;
				GCC_C_LANGUAGE_STANDARD = gnu99;
				GCC_DYNAMIC_NO_PIC = NO;
				GCC_OPTIMIZATION_LEVEL = 0;
				GCC_PREPROCESSOR_DEFINITIONS = (
					"DEBUG=1",
					"$(inherited)",
				);
				GCC_SYMBOLS_PRIVATE_EXTERN = NO;
				GCC_WARN_64_TO_32_BIT_CONVERSION = YES;
				GCC_WARN_ABOUT_RETURN_TYPE = YES_ERROR;
				GCC_WARN_UNDECLARED_SELECTOR = YES;
				GCC_WARN_UNINITIALIZED_AUTOS = YES_AGGRESSIVE;
				GCC_WARN_UNUSED_FUNCTION = YES;
				GCC_WARN_UNUSED_VARIABLE = YES;
				IPHONEOS_DEPLOYMENT_TARGET = 7.1;
				ONLY_ACTIVE_ARCH = YES;
				SDKROOT = iphoneos;
			};
			name = Debug;
		};
		CC1D7FA61973CAAC00B4A499 /* Release */ = {
			isa = XCBuildConfiguration;
			buildSettings = {
				ALWAYS_SEARCH_USER_PATHS = NO;
				CLANG_CXX_LANGUAGE_STANDARD = "gnu++0x";
				CLANG_CXX_LIBRARY = "libc++";
				CLANG_ENABLE_MODULES = YES;
				CLANG_ENABLE_OBJC_ARC = YES;
				CLANG_WARN_BOOL_CONVERSION = YES;
				CLANG_WARN_CONSTANT_CONVERSION = YES;
				CLANG_WARN_DIRECT_OBJC_ISA_USAGE = YES_ERROR;
				CLANG_WARN_EMPTY_BODY = YES;
				CLANG_WARN_ENUM_CONVERSION = YES;
				CLANG_WARN_INT_CONVERSION = YES;
				CLANG_WARN_OBJC_ROOT_CLASS = YES_ERROR;
				CLANG_WARN__DUPLICATE_METHOD_MATCH = YES;
				"CODE_SIGN_IDENTITY[sdk=iphoneos*]" = "iPhone Developer";
				COPY_PHASE_STRIP = YES;
				ENABLE_NS_ASSERTIONS = NO;
				GCC_C_LANGUAGE_STANDARD = gnu99;
				GCC_WARN_64_TO_32_BIT_CONVERSION = YES;
				GCC_WARN_ABOUT_RETURN_TYPE = YES_ERROR;
				GCC_WARN_UNDECLARED_SELECTOR = YES;
				GCC_WARN_UNINITIALIZED_AUTOS = YES_AGGRESSIVE;
				GCC_WARN_UNUSED_FUNCTION = YES;
				GCC_WARN_UNUSED_VARIABLE = YES;
				IPHONEOS_DEPLOYMENT_TARGET = 7.1;
				SDKROOT = iphoneos;
				VALIDATE_PRODUCT = YES;
			};
			name = Release;
		};
		CC1D7FA81973CAAC00B4A499 /* Debug */ = {
			isa = XCBuildConfiguration;
			buildSettings = {
				ASSETCATALOG_COMPILER_APPICON_NAME = AppIcon;
				ASSETCATALOG_COMPILER_LAUNCHIMAGE_NAME = LaunchImage;
				CLANG_ENABLE_OBJC_ARC = NO;
				GCC_PRECOMPILE_PREFIX_HEADER = YES;
				GCC_PREFIX_HEADER = "DomXMLDemo/DomXMLDemo-Prefix.pch";
				HEADER_SEARCH_PATHS = (
					"$(inherited)",
					/Applications/Xcode.app/Contents/Developer/Toolchains/XcodeDefault.xctoolchain/usr/include,
					/usr/include/libxml2,
				);
				INFOPLIST_FILE = "DomXMLDemo/DomXMLDemo-Info.plist";
				OTHER_LDFLAGS = "-lxml2";
				PRODUCT_NAME = "$(TARGET_NAME)";
				WRAPPER_EXTENSION = app;
			};
			name = Debug;
		};
		CC1D7FA91973CAAC00B4A499 /* Release */ = {
			isa = XCBuildConfiguration;
			buildSettings = {
				ASSETCATALOG_COMPILER_APPICON_NAME = AppIcon;
				ASSETCATALOG_COMPILER_LAUNCHIMAGE_NAME = LaunchImage;
				CLANG_ENABLE_OBJC_ARC = NO;
				GCC_PRECOMPILE_PREFIX_HEADER = YES;
				GCC_PREFIX_HEADER = "DomXMLDemo/DomXMLDemo-Prefix.pch";
				HEADER_SEARCH_PATHS = (
					"$(inherited)",
					/Applications/Xcode.app/Contents/Developer/Toolchains/XcodeDefault.xctoolchain/usr/include,
					/usr/include/libxml2,
				);
				INFOPLIST_FILE = "DomXMLDemo/DomXMLDemo-Info.plist";
				OTHER_LDFLAGS = "-lxml2";
				PRODUCT_NAME = "$(TARGET_NAME)";
				WRAPPER_EXTENSION = app;
			};
			name = Release;
		};
		CC1D7FAB1973CAAC00B4A499 /* Debug */ = {
			isa = XCBuildConfiguration;
			buildSettings = {
				BUNDLE_LOADER = "$(BUILT_PRODUCTS_DIR)/DomXMLDemo.app/DomXMLDemo";
				FRAMEWORK_SEARCH_PATHS = (
					"$(SDKROOT)/Developer/Library/Frameworks",
					"$(inherited)",
					"$(DEVELOPER_FRAMEWORKS_DIR)",
				);
				GCC_PRECOMPILE_PREFIX_HEADER = YES;
				GCC_PREFIX_HEADER = "DomXMLDemo/DomXMLDemo-Prefix.pch";
				GCC_PREPROCESSOR_DEFINITIONS = (
					"DEBUG=1",
					"$(inherited)",
				);
				INFOPLIST_FILE = "DomXMLDemoTests/DomXMLDemoTests-Info.plist";
				PRODUCT_NAME = "$(TARGET_NAME)";
				TEST_HOST = "$(BUNDLE_LOADER)";
				WRAPPER_EXTENSION = xctest;
			};
			name = Debug;
		};
		CC1D7FAC1973CAAC00B4A499 /* Release */ = {
			isa = XCBuildConfiguration;
			buildSettings = {
				BUNDLE_LOADER = "$(BUILT_PRODUCTS_DIR)/DomXMLDemo.app/DomXMLDemo";
				FRAMEWORK_SEARCH_PATHS = (
					"$(SDKROOT)/Developer/Library/Frameworks",
					"$(inherited)",
					"$(DEVELOPER_FRAMEWORKS_DIR)",
				);
				GCC_PRECOMPILE_PREFIX_HEADER = YES;
				GCC_PREFIX_HEADER = "DomXMLDemo/DomXMLDemo-Prefix.pch";
				INFOPLIST_FILE = "DomXMLDemoTests/DomXMLDemoTests-Info.plist";
				PRODUCT_NAME = "$(TARGET_NAME)";
				TEST_HOST = "$(BUNDLE_LOADER)";
				WRAPPER_EXTENSION = xctest;
			};
			name = Release;
		};
/* End XCBuildConfiguration section */

/* Begin XCConfigurationList section */
		CC1D7F701973CAAC00B4A499 /* Build configuration list for PBXProject "DomXMLDemo" */ = {
			isa = XCConfigurationList;
			buildConfigurations = (
				CC1D7FA51973CAAC00B4A499 /* Debug */,
				CC1D7FA61973CAAC00B4A499 /* Release */,
			);
			defaultConfigurationIsVisible = 0;
			defaultConfigurationName = Release;
		};
		CC1D7FA71973CAAC00B4A499 /* Build configuration list for PBXNativeTarget "DomXMLDemo" */ = {
			isa = XCConfigurationList;
			buildConfigurations = (
				CC1D7FA81973CAAC00B4A499 /* Debug */,
				CC1D7FA91973CAAC00B4A499 /* Release */,
			);
			defaultConfigurationIsVisible = 0;
		};
		CC1D7FAA1973CAAC00B4A499 /* Build configuration list for PBXNativeTarget "DomXMLDemoTests" */ = {
			isa = XCConfigurationList;
			buildConfigurations = (
				CC1D7FAB1973CAAC00B4A499 /* Debug */,
				CC1D7FAC1973CAAC00B4A499 /* Release */,
			);
			defaultConfigurationIsVisible = 0;
		};
/* End XCConfigurationList section */
	};
	rootObject = CC1D7F6D1973CAAC00B4A499 /* Project object */;
}
